<?xml version="1.0" encoding="utf-8"?>
<Project ToolsVersion="4.0" xmlns="http://schemas.microsoft.com/developer/msbuild/2003">
  <ItemGroup>
    <Filter Include="Engine">
      <UniqueIdentifier>{4e067128-0995-4fc1-af31-f44c3ca0a04f}</UniqueIdentifier>
    </Filter>
    <Filter Include="Game">
      <UniqueIdentifier>{57ee9c58-3b1b-44cd-90bc-0b8cd1030e4c}</UniqueIdentifier>
    </Filter>
    <Filter Include="Engine\ECS">
      <UniqueIdentifier>{c01bf924-ac82-44b2-94ca-10314986233d}</UniqueIdentifier>
    </Filter>
    <Filter Include="Engine\ECS\Entity">
      <UniqueIdentifier>{4fd7b222-313a-4b3d-ade1-efe75e2bb65b}</UniqueIdentifier>
    </Filter>
    <Filter Include="Engine\ECS\Component">
      <UniqueIdentifier>{56c0a038-30a3-4880-8738-c2c469ee55d1}</UniqueIdentifier>
    </Filter>
    <Filter Include="Engine\ECS\System">
      <UniqueIdentifier>{4454e90e-abda-44f3-86ac-8fe64c2d840d}</UniqueIdentifier>
    </Filter>
    <Filter Include="Engine\ECS\System\SystemQueue">
      <UniqueIdentifier>{389ab814-5323-4083-b443-03e612f2026f}</UniqueIdentifier>
    </Filter>
    <Filter Include="Engine\Types">
      <UniqueIdentifier>{e0f84289-ea84-4990-afdb-ffecaba4291f}</UniqueIdentifier>
    </Filter>
    <Filter Include="Engine\Random">
      <UniqueIdentifier>{50ad8318-80d1-4a9c-abb3-333396d37cc0}</UniqueIdentifier>
    </Filter>
    <Filter Include="Engine\ECS\Component\Embedded">
      <UniqueIdentifier>{35489aad-c483-4eb9-a70e-54d5502d2624}</UniqueIdentifier>
    </Filter>
    <Filter Include="Engine\ECS\System\Embedded">
      <UniqueIdentifier>{cdd8a9f5-1f08-44f9-88e5-a8278f0b4184}</UniqueIdentifier>
    </Filter>
    <Filter Include="Game\Components">
      <UniqueIdentifier>{4aa32b77-8931-494f-8a15-febe6baad65f}</UniqueIdentifier>
    </Filter>
    <Filter Include="Game\Systems">
      <UniqueIdentifier>{17523d23-18ae-45e8-a991-42a36019fd81}</UniqueIdentifier>
    </Filter>
    <Filter Include="Game\Components\Collider">
      <UniqueIdentifier>{dd7a530a-988e-4019-a7b3-d70ba3056a7c}</UniqueIdentifier>
    </Filter>
    <Filter Include="Game\Systems\UnitSystems">
      <UniqueIdentifier>{e998ce5a-13d5-4549-a009-a2c619500205}</UniqueIdentifier>
    </Filter>
  </ItemGroup>
  <ItemGroup>
    <ClCompile Include="Engine\Engine.cpp">
      <Filter>Engine</Filter>
    </ClCompile>
    <ClCompile Include="Game\Game.cpp">
      <Filter>Game</Filter>
    </ClCompile>
    <ClCompile Include="Engine\ECS\Entity\EntityManager.cpp">
      <Filter>Engine\ECS\Entity</Filter>
    </ClCompile>
    <ClCompile Include="Engine\ECS\Component\Component.cpp">
      <Filter>Engine\ECS\Component</Filter>
    </ClCompile>
    <ClCompile Include="Engine\ECS\System\SystemQueue\SystemQueue.cpp">
      <Filter>Engine\ECS\System\SystemQueue</Filter>
    </ClCompile>
    <ClCompile Include="Engine\Types\Vector2.cpp">
      <Filter>Engine\Types</Filter>
    </ClCompile>
    <ClCompile Include="Engine\Input.cpp">
      <Filter>Engine</Filter>
    </ClCompile>
    <ClCompile Include="Engine\Random\Random.cpp">
      <Filter>Engine\Random</Filter>
    </ClCompile>
    <ClCompile Include="Engine\Scene.cpp">
      <Filter>Engine</Filter>
    </ClCompile>
    <ClCompile Include="Engine\Types\Color.cpp">
      <Filter>Engine\Types</Filter>
    </ClCompile>
    <ClCompile Include="Engine\ECS\Component\Embedded\Mesh.cpp">
      <Filter>Engine\ECS\Component\Embedded</Filter>
    </ClCompile>
    <ClCompile Include="Game\WinMain.cpp" />
    <ClCompile Include="Engine\ECS\System\Embedded\MeshRenderSystem.cpp">
      <Filter>Engine\ECS\System\Embedded</Filter>
    </ClCompile>
    <ClCompile Include="Game\Systems\StarRenderSystem.cpp">
      <Filter>Game\Systems</Filter>
    </ClCompile>
    <ClCompile Include="Engine\ECS\Component\Embedded\Velocity.cpp">
      <Filter>Engine\ECS\Component\Embedded</Filter>
    </ClCompile>
    <ClCompile Include="Engine\ECS\System\Embedded\MoveSystem.cpp">
      <Filter>Engine\ECS\System\Embedded</Filter>
    </ClCompile>
    <ClCompile Include="Engine\ECS\System\Embedded\InertiaSystem.cpp">
      <Filter>Engine\ECS\System\Embedded</Filter>
    </ClCompile>
    <ClCompile Include="Game\Systems\GravitySystem.cpp">
      <Filter>Game\Systems</Filter>
    </ClCompile>
    <ClCompile Include="Game\Systems\RotorSystem.cpp">
      <Filter>Game\Systems</Filter>
    </ClCompile>
    <ClCompile Include="Engine\Math.cpp">
      <Filter>Engine</Filter>
    </ClCompile>
    <ClCompile Include="Game\Components\JetStreamParticles.cpp">
      <Filter>Game\Components</Filter>
    </ClCompile>
    <ClCompile Include="Game\Systems\JetStreamSystem.cpp">
      <Filter>Game\Systems</Filter>
    </ClCompile>
    <ClCompile Include="Engine\ECS\System\Embedded\TextRenderSystem.cpp">
      <Filter>Engine\ECS\System\Embedded</Filter>
    </ClCompile>
    <ClCompile Include="Game\Systems\CollisionSystem.cpp">
      <Filter>Game\Systems</Filter>
    </ClCompile>
    <ClCompile Include="Game\Systems\EndOfGameSystem.cpp">
      <Filter>Game\Systems</Filter>
    </ClCompile>
    <ClCompile Include="Game\Components\Blast.cpp">
      <Filter>Game\Components</Filter>
    </ClCompile>
    <ClCompile Include="Game\Systems\BlastSystem.cpp">
      <Filter>Game\Systems</Filter>
    </ClCompile>
    <ClCompile Include="Engine\Types\Polar.cpp">
      <Filter>Engine\Types</Filter>
    </ClCompile>
    <ClCompile Include="Game\Systems\LifeTimeSystem.cpp">
      <Filter>Game\Systems</Filter>
    </ClCompile>
    <ClCompile Include="Engine\ECS\Entity\Entity.h">
      <Filter>Engine\ECS\Entity</Filter>
    </ClCompile>
    <ClCompile Include="Engine\Types\Transform.cpp">
      <Filter>Engine\Types</Filter>
    </ClCompile>
    <ClCompile Include="Game\Systems\UnitSystems\EnemySystem.cpp">
      <Filter>Game\Systems\UnitSystems</Filter>
    </ClCompile>
    <ClCompile Include="Game\Systems\UnitSystems\UserInputSystem.cpp">
      <Filter>Game\Systems\UnitSystems</Filter>
    </ClCompile>
    <ClCompile Include="Game\Systems\UnitSystems\ProjectileSubSystem.cpp">
      <Filter>Game\Systems\UnitSystems</Filter>
    </ClCompile>
  </ItemGroup>
  <ItemGroup>
    <ClInclude Include="Engine\Engine.h">
      <Filter>Engine</Filter>
    </ClInclude>
    <ClInclude Include="Game\Game.h">
      <Filter>Game</Filter>
    </ClInclude>
    <ClInclude Include="Engine\ECS\Entity\EntityManager.h">
      <Filter>Engine\ECS\Entity</Filter>
    </ClInclude>
    <ClInclude Include="Engine\ECS\Component\Component.h">
      <Filter>Engine\ECS\Component</Filter>
    </ClInclude>
    <ClInclude Include="Engine\ECS\Component\ComponentManager.h">
      <Filter>Engine\ECS\Component</Filter>
    </ClInclude>
    <ClInclude Include="Engine\ECS\System\ISystem.h">
      <Filter>Engine\ECS\System</Filter>
    </ClInclude>
    <ClInclude Include="Engine\ECS\System\SystemQueue\SystemQueue.h">
      <Filter>Engine\ECS\System\SystemQueue</Filter>
    </ClInclude>
    <ClInclude Include="Engine\Types\Color.h">
      <Filter>Engine\Types</Filter>
    </ClInclude>
    <ClInclude Include="Engine\Types\Vector2.h">
      <Filter>Engine\Types</Filter>
    </ClInclude>
    <ClInclude Include="Engine\Input.h">
      <Filter>Engine</Filter>
    </ClInclude>
    <ClInclude Include="Engine\Random\Random.h">
      <Filter>Engine\Random</Filter>
    </ClInclude>
    <ClInclude Include="Engine\Scene.h">
      <Filter>Engine</Filter>
    </ClInclude>
    <ClInclude Include="Engine\ECS\System\SystemManager.h">
      <Filter>Engine\ECS\System</Filter>
    </ClInclude>
    <ClInclude Include="Engine\ECS\Component\Embedded\Mesh.h">
      <Filter>Engine\ECS\Component\Embedded</Filter>
    </ClInclude>
    <ClInclude Include="Engine\ECS\System\Embedded\MeshRenderSystem.h">
      <Filter>Engine\ECS\System\Embedded</Filter>
    </ClInclude>
    <ClInclude Include="Game\Systems\StarRenderSystem.h">
      <Filter>Game\Systems</Filter>
    </ClInclude>
    <ClInclude Include="Engine\ECS\Component\Embedded\Velocity.h">
      <Filter>Engine\ECS\Component\Embedded</Filter>
    </ClInclude>
    <ClInclude Include="Engine\ECS\System\Embedded\MoveSystem.h">
      <Filter>Engine\ECS\System\Embedded</Filter>
    </ClInclude>
    <ClInclude Include="Engine\ECS\System\Embedded\InertiaSystem.h">
      <Filter>Engine\ECS\System\Embedded</Filter>
    </ClInclude>
    <ClInclude Include="Game\Components\Rotor.h">
      <Filter>Game\Components</Filter>
    </ClInclude>
    <ClInclude Include="Game\Systems\GravitySystem.h">
      <Filter>Game\Systems</Filter>
    </ClInclude>
    <ClInclude Include="Game\Systems\RotorSystem.h">
      <Filter>Game\Systems</Filter>
    </ClInclude>
    <ClInclude Include="Engine\Math.h">
      <Filter>Engine</Filter>
    </ClInclude>
    <ClInclude Include="Game\Components\JetStreamParticles.h">
      <Filter>Game\Components</Filter>
    </ClInclude>
    <ClInclude Include="Game\Systems\JetStreamSystem.h">
      <Filter>Game\Systems</Filter>
    </ClInclude>
    <ClInclude Include="Game\Components\GravityBigObject.h">
      <Filter>Game\Components</Filter>
    </ClInclude>
    <ClInclude Include="Game\Components\GravitySmallObject.h">
      <Filter>Game\Components</Filter>
    </ClInclude>
    <ClInclude Include="Engine\ECS\Component\Embedded\Text.h">
      <Filter>Engine\ECS\Component\Embedded</Filter>
    </ClInclude>
    <ClInclude Include="Engine\ECS\System\Embedded\TextRenderSystem.h">
      <Filter>Engine\ECS\System\Embedded</Filter>
    </ClInclude>
    <ClInclude Include="Game\Systems\CollisionSystem.h">
      <Filter>Game\Systems</Filter>
    </ClInclude>
    <ClInclude Include="Game\Systems\EndOfGameSystem.h">
      <Filter>Game\Systems</Filter>
    </ClInclude>
    <ClInclude Include="Game\Components\Collider\Collider.h">
      <Filter>Game\Components\Collider</Filter>
    </ClInclude>
    <ClInclude Include="Game\Components\Blast.h">
      <Filter>Game\Components</Filter>
    </ClInclude>
    <ClInclude Include="Game\Components\User.h">
      <Filter>Game\Components</Filter>
    </ClInclude>
    <ClInclude Include="Game\Systems\BlastSystem.h">
      <Filter>Game\Systems</Filter>
    </ClInclude>
    <ClInclude Include="Engine\Types\Polar.h">
      <Filter>Engine\Types</Filter>
    </ClInclude>
    <ClInclude Include="Engine\ECS\Component\ComponentCollection.h">
      <Filter>Engine\ECS\Component</Filter>
    </ClInclude>
    <ClInclude Include="Game\Systems\LifeTimeSystem.h">
      <Filter>Game\Systems</Filter>
    </ClInclude>
    <ClInclude Include="Engine\ECS\Entity\EntityDef.h">
      <Filter>Engine\ECS\Entity</Filter>
    </ClInclude>
    <ClInclude Include="Game\Components\Projectile.h">
      <Filter>Game\Components</Filter>
    </ClInclude>
    <ClInclude Include="Engine\Types\Transform.h">
      <Filter>Engine\Types</Filter>
    </ClInclude>
    <ClInclude Include="Game\Components\LifeTime.h">
      <Filter>Game\Components</Filter>
    </ClInclude>
    <ClInclude Include="Game\Components\ProjectileLauncher.h">
      <Filter>Game\Components</Filter>
    </ClInclude>
    <ClInclude Include="Game\Components\Enemy.h">
      <Filter>Game\Components</Filter>
    </ClInclude>
    <ClInclude Include="Game\Components\Collider\ColliderTarget.h">
      <Filter>Game\Components\Collider</Filter>
    </ClInclude>
    <ClInclude Include="Game\Systems\UnitSystems\EnemySystem.h">
      <Filter>Game\Systems\UnitSystems</Filter>
    </ClInclude>
    <ClInclude Include="Game\Systems\UnitSystems\UserInputSystem.h">
      <Filter>Game\Systems\UnitSystems</Filter>
    </ClInclude>
    <ClInclude Include="Game\Components\Collider\ColliderLethal.h">
      <Filter>Game\Components\Collider</Filter>
    </ClInclude>
    <ClInclude Include="Game\Systems\UnitSystems\ProjectileSubSystem.h">
      <Filter>Game\Systems\UnitSystems</Filter>
    </ClInclude>
  </ItemGroup>
</Project>